<?xml version="1.0" encoding="UTF-8" standalone="yes" ?>
<CodeBlocks_project_file>
	<FileVersion major="1" minor="6" />
	<Project>
		<Option title="DSPaint" />
		<Option makefile_is_custom="1" />
		<Option pch_mode="2" />
		<Option compiler="gcc" />
		<Build>
			<Target title="Debug">
				<Option output="bin\Debug\DSPaint" prefix_auto="1" extension_auto="1" />
				<Option object_output="obj\Debug\" />
				<Option type="1" />
				<Option compiler="gcc" />
				<Compiler>
					<Add option="-g" />
				</Compiler>
			</Target>
			<Target title="Release">
				<Option output="bin\Release\DSPaint" prefix_auto="1" extension_auto="1" />
				<Option object_output="obj\Release\" />
				<Option type="1" />
				<Option compiler="gcc" />
				<Compiler>
					<Add option="-O2" />
				</Compiler>
				<Linker>
					<Add option="-s" />
				</Linker>
			</Target>
		</Build>
		<Compiler>
			<Add option="-Wall" />
		</Compiler>
		<Unit filename="src\AbstractPen.cpp" />
		<Unit filename="src\AbstractPen.h" />
		<Unit filename="src\Canvas.cpp" />
		<Unit filename="src\Canvas.h" />
		<Unit filename="src\Constants.h" />
		<Unit filename="src\DSPaint.h" />
		<Unit filename="src\Dimension.h" />
		<Unit filename="src\EraserMode.cpp" />
		<Unit filename="src\EraserMode.h" />
		<Unit filename="src\IOperationalMode.cpp" />
		<Unit filename="src\IOperationalMode.h" />
		<Unit filename="src\Main.cpp" />
		<Unit filename="src\ModeManager.cpp" />
		<Unit filename="src\ModeManager.h" />
		<Unit filename="src\Options.cpp" />
		<Unit filename="src\Options.h" />
		<Unit filename="src\Pen.cpp" />
		<Unit filename="src\Pen.h" />
		<Unit filename="src\PenMode.cpp" />
		<Unit filename="src\PenMode.h" />
		<Unit filename="src\PromptManager.cpp" />
		<Unit filename="src\PromptManager.h" />
		<Extensions>
			<envvars />
			<code_completion />
			<lib_finder disable_auto="1" />
			<debugger />
		</Extensions>
	</Project>
</CodeBlocks_project_file>
